// !$*UTF8*$!
{
	archiveVersion = 1;
	classes = {
	};
	objectVersion = 46;
	objects = {

/* Begin PBXBuildFile section */
		37507382195BBC5100BB5B55 /* Foundation.framework in Frameworks */ = {isa = PBXBuildFile; fileRef = 37507381195BBC5100BB5B55 /* Foundation.framework */; };
		37507384195BBC5200BB5B55 /* CoreGraphics.framework in Frameworks */ = {isa = PBXBuildFile; fileRef = 37507383195BBC5200BB5B55 /* CoreGraphics.framework */; };
		37507386195BBC5200BB5B55 /* UIKit.framework in Frameworks */ = {isa = PBXBuildFile; fileRef = 37507385195BBC5200BB5B55 /* UIKit.framework */; };
		3750738C195BBC5200BB5B55 /* InfoPlist.strings in Resources */ = {isa = PBXBuildFile; fileRef = 3750738A195BBC5200BB5B55 /* InfoPlist.strings */; };
		3750738E195BBC5200BB5B55 /* main.m in Sources */ = {isa = PBXBuildFile; fileRef = 3750738D195BBC5200BB5B55 /* main.m */; };
		37507392195BBC5200BB5B55 /* AppDelegate.m in Sources */ = {isa = PBXBuildFile; fileRef = 37507391195BBC5200BB5B55 /* AppDelegate.m */; };
		37507395195BBC5200BB5B55 /* Main.storyboard in Resources */ = {isa = PBXBuildFile; fileRef = 37507393195BBC5200BB5B55 /* Main.storyboard */; };
		37507398195BBC5200BB5B55 /* ViewController.m in Sources */ = {isa = PBXBuildFile; fileRef = 37507397195BBC5200BB5B55 /* ViewController.m */; };
		3750739A195BBC5200BB5B55 /* Images.xcassets in Resources */ = {isa = PBXBuildFile; fileRef = 37507399195BBC5200BB5B55 /* Images.xcassets */; };
		375073A1195BBC5200BB5B55 /* XCTest.framework in Frameworks */ = {isa = PBXBuildFile; fileRef = 375073A0195BBC5200BB5B55 /* XCTest.framework */; };
		375073A2195BBC5200BB5B55 /* Foundation.framework in Frameworks */ = {isa = PBXBuildFile; fileRef = 37507381195BBC5100BB5B55 /* Foundation.framework */; };
		375073A3195BBC5200BB5B55 /* UIKit.framework in Frameworks */ = {isa = PBXBuildFile; fileRef = 37507385195BBC5200BB5B55 /* UIKit.framework */; };
		375073AB195BBC5200BB5B55 /* InfoPlist.strings in Resources */ = {isa = PBXBuildFile; fileRef = 375073A9195BBC5200BB5B55 /* InfoPlist.strings */; };
		375073AD195BBC5200BB5B55 /* Ex9_SampleApi_2Tests.m in Sources */ = {isa = PBXBuildFile; fileRef = 375073AC195BBC5200BB5B55 /* Ex9_SampleApi_2Tests.m */; };
/* End PBXBuildFile section */

/* Begin PBXContainerItemProxy section */
		375073A4195BBC5200BB5B55 /* PBXContainerItemProxy */ = {
			isa = PBXContainerItemProxy;
			containerPortal = 37507376195BBC5100BB5B55 /* Project object */;
			proxyType = 1;
			remoteGlobalIDString = 3750737D195BBC5100BB5B55;
			remoteInfo = Ex9_SampleApi_2;
		};
/* End PBXContainerItemProxy section */

/* Begin PBXFileReference section */
		3750737E195BBC5100BB5B55 /* Ex9_SimpleApi_2.app */ = {isa = PBXFileReference; explicitFileType = wrapper.application; includeInIndex = 0; path = Ex9_SimpleApi_2.app; sourceTree = BUILT_PRODUCTS_DIR; };
		37507381195BBC5100BB5B55 /* Foundation.framework */ = {isa = PBXFileReference; lastKnownFileType = wrapper.framework; name = Foundation.framework; path = System/Library/Frameworks/Foundation.framework; sourceTree = SDKROOT; };
		37507383195BBC5200BB5B55 /* CoreGraphics.framework */ = {isa = PBXFileReference; lastKnownFileType = wrapper.framework; name = CoreGraphics.framework; path = System/Library/Frameworks/CoreGraphics.framework; sourceTree = SDKROOT; };
		37507385195BBC5200BB5B55 /* UIKit.framework */ = {isa = PBXFileReference; lastKnownFileType = wrapper.framework; name = UIKit.framework; path = System/Library/Frameworks/UIKit.framework; sourceTree = SDKROOT; };
		37507389195BBC5200BB5B55 /* Ex9_SimpleApi_2-Info.plist */ = {isa = PBXFileReference; lastKnownFileType = text.plist.xml; path = "Ex9_SimpleApi_2-Info.plist"; sourceTree = "<group>"; };
		3750738B195BBC5200BB5B55 /* en */ = {isa = PBXFileReference; lastKnownFileType = text.plist.strings; name = en; path = en.lproj/InfoPlist.strings; sourceTree = "<group>"; };
		3750738D195BBC5200BB5B55 /* main.m */ = {isa = PBXFileReference; lastKnownFileType = sourcecode.c.objc; path = main.m; sourceTree = "<group>"; };
		3750738F195BBC5200BB5B55 /* Ex9_SimpleApi_2-Prefix.pch */ = {isa = PBXFileReference; lastKnownFileType = sourcecode.c.h; path = "Ex9_SimpleApi_2-Prefix.pch"; sourceTree = "<group>"; };
		37507390195BBC5200BB5B55 /* AppDelegate.h */ = {isa = PBXFileReference; lastKnownFileType = sourcecode.c.h; path = AppDelegate.h; sourceTree = "<group>"; };
		37507391195BBC5200BB5B55 /* AppDelegate.m */ = {isa = PBXFileReference; lastKnownFileType = sourcecode.c.objc; path = AppDelegate.m; sourceTree = "<group>"; };
		37507394195BBC5200BB5B55 /* Base */ = {isa = PBXFileReference; lastKnownFileType = file.storyboard; name = Base; path = Base.lproj/Main.storyboard; sourceTree = "<group>"; };
		37507396195BBC5200BB5B55 /* ViewController.h */ = {isa = PBXFileReference; lastKnownFileType = sourcecode.c.h; path = ViewController.h; sourceTree = "<group>"; };
		37507397195BBC5200BB5B55 /* ViewController.m */ = {isa = PBXFileReference; lastKnownFileType = sourcecode.c.objc; path = ViewController.m; sourceTree = "<group>"; };
		37507399195BBC5200BB5B55 /* Images.xcassets */ = {isa = PBXFileReference; lastKnownFileType = folder.assetcatalog; path = Images.xcassets; sourceTree = "<group>"; };
		3750739F195BBC5200BB5B55 /* Ex9_SimpleApi_2Tests.xctest */ = {isa = PBXFileReference; explicitFileType = wrapper.cfbundle; includeInIndex = 0; path = Ex9_SimpleApi_2Tests.xctest; sourceTree = BUILT_PRODUCTS_DIR; };
		375073A0195BBC5200BB5B55 /* XCTest.framework */ = {isa = PBXFileReference; lastKnownFileType = wrapper.framework; name = XCTest.framework; path = Library/Frameworks/XCTest.framework; sourceTree = DEVELOPER_DIR; };
		375073A8195BBC5200BB5B55 /* Ex9_SimpleApi_2Tests-Info.plist */ = {isa = PBXFileReference; lastKnownFileType = text.plist.xml; path = "Ex9_SimpleApi_2Tests-Info.plist"; sourceTree = "<group>"; };
		375073AA195BBC5200BB5B55 /* en */ = {isa = PBXFileReference; lastKnownFileType = text.plist.strings; name = en; path = en.lproj/InfoPlist.strings; sourceTree = "<group>"; };
		375073AC195BBC5200BB5B55 /* Ex9_SampleApi_2Tests.m */ = {isa = PBXFileReference; lastKnownFileType = sourcecode.c.objc; path = Ex9_SampleApi_2Tests.m; sourceTree = "<group>"; };
/* End PBXFileReference section */

/* Begin PBXFrameworksBuildPhase section */
		3750737B195BBC5100BB5B55 /* Frameworks */ = {
			isa = PBXFrameworksBuildPhase;
			buildActionMask = 2147483647;
			files = (
				37507384195BBC5200BB5B55 /* CoreGraphics.framework in Frameworks */,
				37507386195BBC5200BB5B55 /* UIKit.framework in Frameworks */,
				37507382195BBC5100BB5B55 /* Foundation.framework in Frameworks */,
			);
			runOnlyForDeploymentPostprocessing = 0;
		};
		3750739C195BBC5200BB5B55 /* Frameworks */ = {
			isa = PBXFrameworksBuildPhase;
			buildActionMask = 2147483647;
			files = (
				375073A1195BBC5200BB5B55 /* XCTest.framework in Frameworks */,
				375073A3195BBC5200BB5B55 /* UIKit.framework in Frameworks */,
				375073A2195BBC5200BB5B55 /* Foundation.framework in Frameworks */,
			);
			runOnlyForDeploymentPostprocessing = 0;
		};
/* End PBXFrameworksBuildPhase section */

/* Begin PBXGroup section */
		37507375195BBC5100BB5B55 = {
			isa = PBXGroup;
			children = (
				37507387195BBC5200BB5B55 /* Ex9_SampleApi_2 */,
				375073A6195BBC5200BB5B55 /* Ex9_SampleApi_2Tests */,
				37507380195BBC5100BB5B55 /* Frameworks */,
				3750737F195BBC5100BB5B55 /* Products */,
			);
			sourceTree = "<group>";
		};
		3750737F195BBC5100BB5B55 /* Products */ = {
			isa = PBXGroup;
			children = (
				3750737E195BBC5100BB5B55 /* Ex9_SimpleApi_2.app */,
				3750739F195BBC5200BB5B55 /* Ex9_SimpleApi_2Tests.xctest */,
			);
			name = Products;
			sourceTree = "<group>";
		};
		37507380195BBC5100BB5B55 /* Frameworks */ = {
			isa = PBXGroup;
			children = (
				37507381195BBC5100BB5B55 /* Foundation.framework */,
				37507383195BBC5200BB5B55 /* CoreGraphics.framework */,
				37507385195BBC5200BB5B55 /* UIKit.framework */,
				375073A0195BBC5200BB5B55 /* XCTest.framework */,
			);
			name = Frameworks;
			sourceTree = "<group>";
		};
		37507387195BBC5200BB5B55 /* Ex9_SampleApi_2 */ = {
			isa = PBXGroup;
			children = (
				37507390195BBC5200BB5B55 /* AppDelegate.h */,
				37507391195BBC5200BB5B55 /* AppDelegate.m */,
				37507393195BBC5200BB5B55 /* Main.storyboard */,
				37507396195BBC5200BB5B55 /* ViewController.h */,
				37507397195BBC5200BB5B55 /* ViewController.m */,
				37507399195BBC5200BB5B55 /* Images.xcassets */,
				37507388195BBC5200BB5B55 /* Supporting Files */,
			);
			path = Ex9_SampleApi_2;
			sourceTree = "<group>";
		};
		37507388195BBC5200BB5B55 /* Supporting Files */ = {
			isa = PBXGroup;
			children = (
				37507389195BBC5200BB5B55 /* Ex9_SimpleApi_2-Info.plist */,
				3750738A195BBC5200BB5B55 /* InfoPlist.strings */,
				3750738D195BBC5200BB5B55 /* main.m */,
				3750738F195BBC5200BB5B55 /* Ex9_SimpleApi_2-Prefix.pch */,
			);
			name = "Supporting Files";
			sourceTree = "<group>";
		};
		375073A6195BBC5200BB5B55 /* Ex9_SampleApi_2Tests */ = {
			isa = PBXGroup;
			children = (
				375073AC195BBC5200BB5B55 /* Ex9_SampleApi_2Tests.m */,
				375073A7195BBC5200BB5B55 /* Supporting Files */,
			);
			path = Ex9_SampleApi_2Tests;
			sourceTree = "<group>";
		};
		375073A7195BBC5200BB5B55 /* Supporting Files */ = {
			isa = PBXGroup;
			children = (
				375073A8195BBC5200BB5B55 /* Ex9_SimpleApi_2Tests-Info.plist */,
				375073A9195BBC5200BB5B55 /* InfoPlist.strings */,
			);
			name = "Supporting Files";
			sourceTree = "<group>";
		};
/* End PBXGroup section */

/* Begin PBXNativeTarget section */
		3750737D195BBC5100BB5B55 /* Ex9_SimpleApi_2 */ = {
			isa = PBXNativeTarget;
			buildConfigurationList = 375073B0195BBC5200BB5B55 /* Build configuration list for PBXNativeTarget "Ex9_SimpleApi_2" */;
			buildPhases = (
				3750737A195BBC5100BB5B55 /* Sources */,
				3750737B195BBC5100BB5B55 /* Frameworks */,
				3750737C195BBC5100BB5B55 /* Resources */,
			);
			buildRules = (
			);
			dependencies = (
			);
			name = Ex9_SimpleApi_2;
			productName = Ex9_SampleApi_2;
			productReference = 3750737E195BBC5100BB5B55 /* Ex9_SimpleApi_2.app */;
			productType = "com.apple.product-type.application";
		};
		3750739E195BBC5200BB5B55 /* Ex9_SimpleApi_2Tests */ = {
			isa = PBXNativeTarget;
			buildConfigurationList = 375073B3195BBC5200BB5B55 /* Build configuration list for PBXNativeTarget "Ex9_SimpleApi_2Tests" */;
			buildPhases = (
				3750739B195BBC5200BB5B55 /* Sources */,
				3750739C195BBC5200BB5B55 /* Frameworks */,
				3750739D195BBC5200BB5B55 /* Resources */,
			);
			buildRules = (
			);
			dependencies = (
				375073A5195BBC5200BB5B55 /* PBXTargetDependency */,
			);
			name = Ex9_SimpleApi_2Tests;
			productName = Ex9_SampleApi_2Tests;
			productReference = 3750739F195BBC5200BB5B55 /* Ex9_SimpleApi_2Tests.xctest */;
			productType = "com.apple.product-type.bundle.unit-test";
		};
/* End PBXNativeTarget section */

/* Begin PBXProject section */
		37507376195BBC5100BB5B55 /* Project object */ = {
			isa = PBXProject;
			attributes = {
				LastUpgradeCheck = 0510;
				ORGANIZATIONNAME = "Onzondev Innovation Co., Ltd.";
				TargetAttributes = {
					3750739E195BBC5200BB5B55 = {
						TestTargetID = 3750737D195BBC5100BB5B55;
					};
				};
			};
			buildConfigurationList = 37507379195BBC5100BB5B55 /* Build configuration list for PBXProject "Ex9_SimpleApi_2" */;
			compatibilityVersion = "Xcode 3.2";
			developmentRegion = English;
			hasScannedForEncodings = 0;
			knownRegions = (
				en,
				Base,
			);
			mainGroup = 37507375195BBC5100BB5B55;
			productRefGroup = 3750737F195BBC5100BB5B55 /* Products */;
			projectDirPath = "";
			projectRoot = "";
			targets = (
				3750737D195BBC5100BB5B55 /* Ex9_SimpleApi_2 */,
				3750739E195BBC5200BB5B55 /* Ex9_SimpleApi_2Tests */,
			);
		};
/* End PBXProject section */

/* Begin PBXResourcesBuildPhase section */
		3750737C195BBC5100BB5B55 /* Resources */ = {
			isa = PBXResourcesBuildPhase;
			buildActionMask = 2147483647;
			files = (
				3750739A195BBC5200BB5B55 /* Images.xcassets in Resources */,
				3750738C195BBC5200BB5B55 /* InfoPlist.strings in Resources */,
				37507395195BBC5200BB5B55 /* Main.storyboard in Resources */,
			);
			runOnlyForDeploymentPostprocessing = 0;
		};
		3750739D195BBC5200BB5B55 /* Resources */ = {
			isa = PBXResourcesBuildPhase;
			buildActionMask = 2147483647;
			files = (
				375073AB195BBC5200BB5B55 /* InfoPlist.strings in Resources */,
			);
			runOnlyForDeploymentPostprocessing = 0;
		};
/* End PBXResourcesBuildPhase section */

/* Begin PBXSourcesBuildPhase section */
		3750737A195BBC5100BB5B55 /* Sources */ = {
			isa = PBXSourcesBuildPhase;
			buildActionMask = 2147483647;
			files = (
				37507398195BBC5200BB5B55 /* ViewController.m in Sources */,
				37507392195BBC5200BB5B55 /* AppDelegate.m in Sources */,
				3750738E195BBC5200BB5B55 /* main.m in Sources */,
			);
			runOnlyForDeploymentPostprocessing = 0;
		};
		3750739B195BBC5200BB5B55 /* Sources */ = {
			isa = PBXSourcesBuildPhase;
			buildActionMask = 2147483647;
			files = (
				375073AD195BBC5200BB5B55 /* Ex9_SampleApi_2Tests.m in Sources */,
			);
			runOnlyForDeploymentPostprocessing = 0;
		};
/* End PBXSourcesBuildPhase section */

/* Begin PBXTargetDependency section */
		375073A5195BBC5200BB5B55 /* PBXTargetDependency */ = {
			isa = PBXTargetDependency;
			target = 3750737D195BBC5100BB5B55 /* Ex9_SimpleApi_2 */;
			targetProxy = 375073A4195BBC5200BB5B55 /* PBXContainerItemProxy */;
		};
/* End PBXTargetDependency section */

/* Begin PBXVariantGroup section */
		3750738A195BBC5200BB5B55 /* InfoPlist.strings */ = {
			isa = PBXVariantGroup;
			children = (
				3750738B195BBC5200BB5B55 /* en */,
			);
			name = InfoPlist.strings;
			sourceTree = "<group>";
		};
		37507393195BBC5200BB5B55 /* Main.storyboard */ = {
			isa = PBXVariantGroup;
			children = (
				37507394195BBC5200BB5B55 /* Base */,
			);
			name = Main.storyboard;
			sourceTree = "<group>";
		};
		375073A9195BBC5200BB5B55 /* InfoPlist.strings */ = {
			isa = PBXVariantGroup;
			children = (
				375073AA195BBC5200BB5B55 /* en */,
			);
			name = InfoPlist.strings;
			sourceTree = "<group>";
		};
/* End PBXVariantGroup section */

/* Begin XCBuildConfiguration section */
		375073AE195BBC5200BB5B55 /* Debug */ = {
			isa = XCBuildConfiguration;
			buildSettings = {
				ALWAYS_SEARCH_USER_PATHS = NO;
				CLANG_CXX_LANGUAGE_STANDARD = "gnu++0x";
				CLANG_CXX_LIBRARY = "libc++";
				CLANG_ENABLE_MODULES = YES;
				CLANG_ENABLE_OBJC_ARC = YES;
				CLANG_WARN_BOOL_CONVERSION = YES;
				CLANG_WARN_CONSTANT_CONVERSION = YES;
				CLANG_WARN_DIRECT_OBJC_ISA_USAGE = YES_ERROR;
				CLANG_WARN_EMPTY_BODY = YES;
				CLANG_WARN_ENUM_CONVERSION = YES;
				CLANG_WARN_INT_CONVERSION = YES;
				CLANG_WARN_OBJC_ROOT_CLASS = YES_ERROR;
				CLANG_WARN__DUPLICATE_METHOD_MATCH = YES;
				"CODE_SIGN_IDENTITY[sdk=iphoneos*]" = "iPhone Developer";
				COPY_PHASE_STRIP = NO;
				GCC_C_LANGUAGE_STANDARD = gnu99;
				GCC_DYNAMIC_NO_PIC = NO;
				GCC_OPTIMIZATION_LEVEL = 0;
				GCC_PREPROCESSOR_DEFINITIONS = (
					"DEBUG=1",
					"$(inherited)",
				);
				GCC_SYMBOLS_PRIVATE_EXTERN = NO;
				GCC_WARN_64_TO_32_BIT_CONVERSION = YES;
				GCC_WARN_ABOUT_RETURN_TYPE = YES_ERROR;
				GCC_WARN_UNDECLARED_SELECTOR = YES;
				GCC_WARN_UNINITIALIZED_AUTOS = YES_AGGRESSIVE;
				GCC_WARN_UNUSED_FUNCTION = YES;
				GCC_WARN_UNUSED_VARIABLE = YES;
				IPHONEOS_DEPLOYMENT_TARGET = 7.1;
				ONLY_ACTIVE_ARCH = YES;
				SDKROOT = iphoneos;
			};
			name = Debug;
		};
		375073AF195BBC5200BB5B55 /* Release */ = {
			isa = XCBuildConfiguration;
			buildSettings = {
				ALWAYS_SEARCH_USER_PATHS = NO;
				CLANG_CXX_LANGUAGE_STANDARD = "gnu++0x";
				CLANG_CXX_LIBRARY = "libc++";
				CLANG_ENABLE_MODULES = YES;
				CLANG_ENABLE_OBJC_ARC = YES;
				CLANG_WARN_BOOL_CONVERSION = YES;
				CLANG_WARN_CONSTANT_CONVERSION = YES;
				CLANG_WARN_DIRECT_OBJC_ISA_USAGE = YES_ERROR;
				CLANG_WARN_EMPTY_BODY = YES;
				CLANG_WARN_ENUM_CONVERSION = YES;
				CLANG_WARN_INT_CONVERSION = YES;
				CLANG_WARN_OBJC_ROOT_CLASS = YES_ERROR;
				CLANG_WARN__DUPLICATE_METHOD_MATCH = YES;
				"CODE_SIGN_IDENTITY[sdk=iphoneos*]" = "iPhone Developer";
				COPY_PHASE_STRIP = YES;
				ENABLE_NS_ASSERTIONS = NO;
				GCC_C_LANGUAGE_STANDARD = gnu99;
				GCC_WARN_64_TO_32_BIT_CONVERSION = YES;
				GCC_WARN_ABOUT_RETURN_TYPE = YES_ERROR;
				GCC_WARN_UNDECLARED_SELECTOR = YES;
				GCC_WARN_UNINITIALIZED_AUTOS = YES_AGGRESSIVE;
				GCC_WARN_UNUSED_FUNCTION = YES;
				GCC_WARN_UNUSED_VARIABLE = YES;
				IPHONEOS_DEPLOYMENT_TARGET = 7.1;
				SDKROOT = iphoneos;
				VALIDATE_PRODUCT = YES;
			};
			name = Release;
		};
		375073B1195BBC5200BB5B55 /* Debug */ = {
			isa = XCBuildConfiguration;
			buildSettings = {
				ASSETCATALOG_COMPILER_APPICON_NAME = AppIcon;
				ASSETCATALOG_COMPILER_LAUNCHIMAGE_NAME = LaunchImage;
				GCC_PRECOMPILE_PREFIX_HEADER = YES;
				GCC_PREFIX_HEADER = "Ex9_SampleApi_2/Ex9_SimpleApi_2-Prefix.pch";
				INFOPLIST_FILE = "Ex9_SampleApi_2/Ex9_SimpleApi_2-Info.plist";
				PRODUCT_NAME = Ex9_SimpleApi_2;
				WRAPPER_EXTENSION = app;
			};
			name = Debug;
		};
		375073B2195BBC5200BB5B55 /* Release */ = {
			isa = XCBuildConfiguration;
			buildSettings = {
				ASSETCATALOG_COMPILER_APPICON_NAME = AppIcon;
				ASSETCATALOG_COMPILER_LAUNCHIMAGE_NAME = LaunchImage;
				GCC_PRECOMPILE_PREFIX_HEADER = YES;
				GCC_PREFIX_HEADER = "Ex9_SampleApi_2/Ex9_SimpleApi_2-Prefix.pch";
				INFOPLIST_FILE = "Ex9_SampleApi_2/Ex9_SimpleApi_2-Info.plist";
				PRODUCT_NAME = Ex9_SimpleApi_2;
				WRAPPER_EXTENSION = app;
			};
			name = Release;
		};
		375073B4195BBC5200BB5B55 /* Debug */ = {
			isa = XCBuildConfiguration;
			buildSettings = {
				BUNDLE_LOADER = "$(BUILT_PRODUCTS_DIR)/Ex9_SampleApi_2.app/Ex9_SampleApi_2";
				FRAMEWORK_SEARCH_PATHS = (
					"$(SDKROOT)/Developer/Library/Frameworks",
					"$(inherited)",
					"$(DEVELOPER_FRAMEWORKS_DIR)",
				);
				GCC_PRECOMPILE_PREFIX_HEADER = YES;
				GCC_PREFIX_HEADER = "Ex9_SampleApi_2/Ex9_SampleApi_2-Prefix.pch";
				GCC_PREPROCESSOR_DEFINITIONS = (
					"DEBUG=1",
					"$(inherited)",
				);
				INFOPLIST_FILE = "Ex9_SampleApi_2Tests/Ex9_SimpleApi_2Tests-Info.plist";
				PRODUCT_NAME = Ex9_SimpleApi_2Tests;
				TEST_HOST = "$(BUNDLE_LOADER)";
				WRAPPER_EXTENSION = xctest;
			};
			name = Debug;
		};
		375073B5195BBC5200BB5B55 /* Release */ = {
			isa = XCBuildConfiguration;
			buildSettings = {
				BUNDLE_LOADER = "$(BUILT_PRODUCTS_DIR)/Ex9_SampleApi_2.app/Ex9_SampleApi_2";
				FRAMEWORK_SEARCH_PATHS = (
					"$(SDKROOT)/Developer/Library/Frameworks",
					"$(inherited)",
					"$(DEVELOPER_FRAMEWORKS_DIR)",
				);
				GCC_PRECOMPILE_PREFIX_HEADER = YES;
				GCC_PREFIX_HEADER = "Ex9_SampleApi_2/Ex9_SampleApi_2-Prefix.pch";
				INFOPLIST_FILE = "Ex9_SampleApi_2Tests/Ex9_SimpleApi_2Tests-Info.plist";
				PRODUCT_NAME = Ex9_SimpleApi_2Tests;
				TEST_HOST = "$(BUNDLE_LOADER)";
				WRAPPER_EXTENSION = xctest;
			};
			name = Release;
		};
/* End XCBuildConfiguration section */

/* Begin XCConfigurationList section */
		37507379195BBC5100BB5B55 /* Build configuration list for PBXProject "Ex9_SimpleApi_2" */ = {
			isa = XCConfigurationList;
			buildConfigurations = (
				375073AE195BBC5200BB5B55 /* Debug */,
				375073AF195BBC5200BB5B55 /* Release */,
			);
			defaultConfigurationIsVisible = 0;
			defaultConfigurationName = Release;
		};
		375073B0195BBC5200BB5B55 /* Build configuration list for PBXNativeTarget "Ex9_SimpleApi_2" */ = {
			isa = XCConfigurationList;
			buildConfigurations = (
				375073B1195BBC5200BB5B55 /* Debug */,
				375073B2195BBC5200BB5B55 /* Release */,
			);
			defaultConfigurationIsVisible = 0;
		};
		375073B3195BBC5200BB5B55 /* Build configuration list for PBXNativeTarget "Ex9_SimpleApi_2Tests" */ = {
			isa = XCConfigurationList;
			buildConfigurations = (
				375073B4195BBC5200BB5B55 /* Debug */,
				375073B5195BBC5200BB5B55 /* Release */,
			);
			defaultConfigurationIsVisible = 0;
		};
/* End XCConfigurationList section */
	};
	rootObject = 37507376195BBC5100BB5B55 /* Project object */;
}
