// !$*UTF8*$!
{
	archiveVersion = 1;
	classes = {
	};
	objectVersion = 46;
	objects = {

/* Begin PBXBuildFile section */
		37742FC119593A570074BC20 /* Foundation.framework in Frameworks */ = {isa = PBXBuildFile; fileRef = 37742FC019593A570074BC20 /* Foundation.framework */; };
		37742FC319593A570074BC20 /* CoreGraphics.framework in Frameworks */ = {isa = PBXBuildFile; fileRef = 37742FC219593A570074BC20 /* CoreGraphics.framework */; };
		37742FC519593A570074BC20 /* UIKit.framework in Frameworks */ = {isa = PBXBuildFile; fileRef = 37742FC419593A570074BC20 /* UIKit.framework */; };
		37742FCB19593A570074BC20 /* InfoPlist.strings in Resources */ = {isa = PBXBuildFile; fileRef = 37742FC919593A570074BC20 /* InfoPlist.strings */; };
		37742FCD19593A570074BC20 /* main.m in Sources */ = {isa = PBXBuildFile; fileRef = 37742FCC19593A570074BC20 /* main.m */; };
		37742FD119593A570074BC20 /* AppDelegate.m in Sources */ = {isa = PBXBuildFile; fileRef = 37742FD019593A570074BC20 /* AppDelegate.m */; };
		37742FD419593A570074BC20 /* Main.storyboard in Resources */ = {isa = PBXBuildFile; fileRef = 37742FD219593A570074BC20 /* Main.storyboard */; };
		37742FD719593A570074BC20 /* ViewController.m in Sources */ = {isa = PBXBuildFile; fileRef = 37742FD619593A570074BC20 /* ViewController.m */; };
		37742FD919593A570074BC20 /* Images.xcassets in Resources */ = {isa = PBXBuildFile; fileRef = 37742FD819593A570074BC20 /* Images.xcassets */; };
		37742FE019593A570074BC20 /* XCTest.framework in Frameworks */ = {isa = PBXBuildFile; fileRef = 37742FDF19593A570074BC20 /* XCTest.framework */; };
		37742FE119593A570074BC20 /* Foundation.framework in Frameworks */ = {isa = PBXBuildFile; fileRef = 37742FC019593A570074BC20 /* Foundation.framework */; };
		37742FE219593A570074BC20 /* UIKit.framework in Frameworks */ = {isa = PBXBuildFile; fileRef = 37742FC419593A570074BC20 /* UIKit.framework */; };
		37742FEA19593A570074BC20 /* InfoPlist.strings in Resources */ = {isa = PBXBuildFile; fileRef = 37742FE819593A570074BC20 /* InfoPlist.strings */; };
		37742FEC19593A570074BC20 /* Ex7_WorldCup2014NewsTests.m in Sources */ = {isa = PBXBuildFile; fileRef = 37742FEB19593A570074BC20 /* Ex7_WorldCup2014NewsTests.m */; };
		37742FF719598B5E0074BC20 /* FifaSimpleRss.m in Sources */ = {isa = PBXBuildFile; fileRef = 37742FF619598B5E0074BC20 /* FifaSimpleRss.m */; };
		37742FFA19598B760074BC20 /* FifaItem.m in Sources */ = {isa = PBXBuildFile; fileRef = 37742FF919598B760074BC20 /* FifaItem.m */; };
		37742FFF1959AA500074BC20 /* NewsCellViewTableViewCell.xib in Resources */ = {isa = PBXBuildFile; fileRef = 37742FFD1959AA500074BC20 /* NewsCellViewTableViewCell.xib */; };
		377430021959AF080074BC20 /* NewsWebViewController.m in Sources */ = {isa = PBXBuildFile; fileRef = 377430011959AF080074BC20 /* NewsWebViewController.m */; };
/* End PBXBuildFile section */

/* Begin PBXContainerItemProxy section */
		37742FE319593A570074BC20 /* PBXContainerItemProxy */ = {
			isa = PBXContainerItemProxy;
			containerPortal = 37742FB519593A570074BC20 /* Project object */;
			proxyType = 1;
			remoteGlobalIDString = 37742FBC19593A570074BC20;
			remoteInfo = Ex7_WorldCup2014News;
		};
/* End PBXContainerItemProxy section */

/* Begin PBXFileReference section */
		37742FBD19593A570074BC20 /* Ex7_Cont_WorldCup2014News.app */ = {isa = PBXFileReference; explicitFileType = wrapper.application; includeInIndex = 0; path = Ex7_Cont_WorldCup2014News.app; sourceTree = BUILT_PRODUCTS_DIR; };
		37742FC019593A570074BC20 /* Foundation.framework */ = {isa = PBXFileReference; lastKnownFileType = wrapper.framework; name = Foundation.framework; path = System/Library/Frameworks/Foundation.framework; sourceTree = SDKROOT; };
		37742FC219593A570074BC20 /* CoreGraphics.framework */ = {isa = PBXFileReference; lastKnownFileType = wrapper.framework; name = CoreGraphics.framework; path = System/Library/Frameworks/CoreGraphics.framework; sourceTree = SDKROOT; };
		37742FC419593A570074BC20 /* UIKit.framework */ = {isa = PBXFileReference; lastKnownFileType = wrapper.framework; name = UIKit.framework; path = System/Library/Frameworks/UIKit.framework; sourceTree = SDKROOT; };
		37742FC819593A570074BC20 /* Ex7_Cont_WorldCup2014News-Info.plist */ = {isa = PBXFileReference; lastKnownFileType = text.plist.xml; path = "Ex7_Cont_WorldCup2014News-Info.plist"; sourceTree = "<group>"; };
		37742FCA19593A570074BC20 /* en */ = {isa = PBXFileReference; lastKnownFileType = text.plist.strings; name = en; path = en.lproj/InfoPlist.strings; sourceTree = "<group>"; };
		37742FCC19593A570074BC20 /* main.m */ = {isa = PBXFileReference; lastKnownFileType = sourcecode.c.objc; path = main.m; sourceTree = "<group>"; };
		37742FCE19593A570074BC20 /* Ex7_Cont_WorldCup2014News-Prefix.pch */ = {isa = PBXFileReference; lastKnownFileType = sourcecode.c.h; path = "Ex7_Cont_WorldCup2014News-Prefix.pch"; sourceTree = "<group>"; };
		37742FCF19593A570074BC20 /* AppDelegate.h */ = {isa = PBXFileReference; lastKnownFileType = sourcecode.c.h; path = AppDelegate.h; sourceTree = "<group>"; };
		37742FD019593A570074BC20 /* AppDelegate.m */ = {isa = PBXFileReference; lastKnownFileType = sourcecode.c.objc; path = AppDelegate.m; sourceTree = "<group>"; };
		37742FD319593A570074BC20 /* Base */ = {isa = PBXFileReference; lastKnownFileType = file.storyboard; name = Base; path = Base.lproj/Main.storyboard; sourceTree = "<group>"; };
		37742FD519593A570074BC20 /* ViewController.h */ = {isa = PBXFileReference; lastKnownFileType = sourcecode.c.h; path = ViewController.h; sourceTree = "<group>"; };
		37742FD619593A570074BC20 /* ViewController.m */ = {isa = PBXFileReference; lastKnownFileType = sourcecode.c.objc; path = ViewController.m; sourceTree = "<group>"; };
		37742FD819593A570074BC20 /* Images.xcassets */ = {isa = PBXFileReference; lastKnownFileType = folder.assetcatalog; path = Images.xcassets; sourceTree = "<group>"; };
		37742FDE19593A570074BC20 /* Ex7_Cont_WorldCup2014NewsTests.xctest */ = {isa = PBXFileReference; explicitFileType = wrapper.cfbundle; includeInIndex = 0; path = Ex7_Cont_WorldCup2014NewsTests.xctest; sourceTree = BUILT_PRODUCTS_DIR; };
		37742FDF19593A570074BC20 /* XCTest.framework */ = {isa = PBXFileReference; lastKnownFileType = wrapper.framework; name = XCTest.framework; path = Library/Frameworks/XCTest.framework; sourceTree = DEVELOPER_DIR; };
		37742FE719593A570074BC20 /* Ex7_Cont_WorldCup2014NewsTests-Info.plist */ = {isa = PBXFileReference; lastKnownFileType = text.plist.xml; path = "Ex7_Cont_WorldCup2014NewsTests-Info.plist"; sourceTree = "<group>"; };
		37742FE919593A570074BC20 /* en */ = {isa = PBXFileReference; lastKnownFileType = text.plist.strings; name = en; path = en.lproj/InfoPlist.strings; sourceTree = "<group>"; };
		37742FEB19593A570074BC20 /* Ex7_WorldCup2014NewsTests.m */ = {isa = PBXFileReference; lastKnownFileType = sourcecode.c.objc; path = Ex7_WorldCup2014NewsTests.m; sourceTree = "<group>"; };
		37742FF519598B5E0074BC20 /* FifaSimpleRss.h */ = {isa = PBXFileReference; fileEncoding = 4; lastKnownFileType = sourcecode.c.h; name = FifaSimpleRss.h; path = "Fifa RSS/FifaSimpleRss.h"; sourceTree = "<group>"; };
		37742FF619598B5E0074BC20 /* FifaSimpleRss.m */ = {isa = PBXFileReference; fileEncoding = 4; lastKnownFileType = sourcecode.c.objc; name = FifaSimpleRss.m; path = "Fifa RSS/FifaSimpleRss.m"; sourceTree = "<group>"; };
		37742FF819598B760074BC20 /* FifaItem.h */ = {isa = PBXFileReference; fileEncoding = 4; lastKnownFileType = sourcecode.c.h; name = FifaItem.h; path = "Fifa RSS/FifaItem.h"; sourceTree = "<group>"; };
		37742FF919598B760074BC20 /* FifaItem.m */ = {isa = PBXFileReference; fileEncoding = 4; lastKnownFileType = sourcecode.c.objc; name = FifaItem.m; path = "Fifa RSS/FifaItem.m"; sourceTree = "<group>"; };
		37742FFD1959AA500074BC20 /* NewsCellViewTableViewCell.xib */ = {isa = PBXFileReference; fileEncoding = 4; lastKnownFileType = file.xib; path = NewsCellViewTableViewCell.xib; sourceTree = "<group>"; };
		377430001959AF080074BC20 /* NewsWebViewController.h */ = {isa = PBXFileReference; fileEncoding = 4; lastKnownFileType = sourcecode.c.h; path = NewsWebViewController.h; sourceTree = "<group>"; };
		377430011959AF080074BC20 /* NewsWebViewController.m */ = {isa = PBXFileReference; fileEncoding = 4; lastKnownFileType = sourcecode.c.objc; path = NewsWebViewController.m; sourceTree = "<group>"; };
/* End PBXFileReference section */

/* Begin PBXFrameworksBuildPhase section */
		37742FBA19593A570074BC20 /* Frameworks */ = {
			isa = PBXFrameworksBuildPhase;
			buildActionMask = 2147483647;
			files = (
				37742FC319593A570074BC20 /* CoreGraphics.framework in Frameworks */,
				37742FC519593A570074BC20 /* UIKit.framework in Frameworks */,
				37742FC119593A570074BC20 /* Foundation.framework in Frameworks */,
			);
			runOnlyForDeploymentPostprocessing = 0;
		};
		37742FDB19593A570074BC20 /* Frameworks */ = {
			isa = PBXFrameworksBuildPhase;
			buildActionMask = 2147483647;
			files = (
				37742FE019593A570074BC20 /* XCTest.framework in Frameworks */,
				37742FE219593A570074BC20 /* UIKit.framework in Frameworks */,
				37742FE119593A570074BC20 /* Foundation.framework in Frameworks */,
			);
			runOnlyForDeploymentPostprocessing = 0;
		};
/* End PBXFrameworksBuildPhase section */

/* Begin PBXGroup section */
		37742FB419593A570074BC20 = {
			isa = PBXGroup;
			children = (
				37742FC619593A570074BC20 /* Ex7_WorldCup2014News */,
				37742FE519593A570074BC20 /* Ex7_WorldCup2014NewsTests */,
				37742FBF19593A570074BC20 /* Frameworks */,
				37742FBE19593A570074BC20 /* Products */,
			);
			sourceTree = "<group>";
		};
		37742FBE19593A570074BC20 /* Products */ = {
			isa = PBXGroup;
			children = (
				37742FBD19593A570074BC20 /* Ex7_Cont_WorldCup2014News.app */,
				37742FDE19593A570074BC20 /* Ex7_Cont_WorldCup2014NewsTests.xctest */,
			);
			name = Products;
			sourceTree = "<group>";
		};
		37742FBF19593A570074BC20 /* Frameworks */ = {
			isa = PBXGroup;
			children = (
				37742FC019593A570074BC20 /* Foundation.framework */,
				37742FC219593A570074BC20 /* CoreGraphics.framework */,
				37742FC419593A570074BC20 /* UIKit.framework */,
				37742FDF19593A570074BC20 /* XCTest.framework */,
			);
			name = Frameworks;
			sourceTree = "<group>";
		};
		37742FC619593A570074BC20 /* Ex7_WorldCup2014News */ = {
			isa = PBXGroup;
			children = (
				37742FCF19593A570074BC20 /* AppDelegate.h */,
				37742FD019593A570074BC20 /* AppDelegate.m */,
				37742FD219593A570074BC20 /* Main.storyboard */,
				37742FD519593A570074BC20 /* ViewController.h */,
				37742FD619593A570074BC20 /* ViewController.m */,
				37742FD819593A570074BC20 /* Images.xcassets */,
				37742FC719593A570074BC20 /* Supporting Files */,
				37742FF519598B5E0074BC20 /* FifaSimpleRss.h */,
				37742FF619598B5E0074BC20 /* FifaSimpleRss.m */,
				37742FF819598B760074BC20 /* FifaItem.h */,
				37742FF919598B760074BC20 /* FifaItem.m */,
				37742FFD1959AA500074BC20 /* NewsCellViewTableViewCell.xib */,
				377430001959AF080074BC20 /* NewsWebViewController.h */,
				377430011959AF080074BC20 /* NewsWebViewController.m */,
			);
			path = Ex7_WorldCup2014News;
			sourceTree = "<group>";
		};
		37742FC719593A570074BC20 /* Supporting Files */ = {
			isa = PBXGroup;
			children = (
				37742FC819593A570074BC20 /* Ex7_Cont_WorldCup2014News-Info.plist */,
				37742FC919593A570074BC20 /* InfoPlist.strings */,
				37742FCC19593A570074BC20 /* main.m */,
				37742FCE19593A570074BC20 /* Ex7_Cont_WorldCup2014News-Prefix.pch */,
			);
			name = "Supporting Files";
			sourceTree = "<group>";
		};
		37742FE519593A570074BC20 /* Ex7_WorldCup2014NewsTests */ = {
			isa = PBXGroup;
			children = (
				37742FEB19593A570074BC20 /* Ex7_WorldCup2014NewsTests.m */,
				37742FE619593A570074BC20 /* Supporting Files */,
			);
			path = Ex7_WorldCup2014NewsTests;
			sourceTree = "<group>";
		};
		37742FE619593A570074BC20 /* Supporting Files */ = {
			isa = PBXGroup;
			children = (
				37742FE719593A570074BC20 /* Ex7_Cont_WorldCup2014NewsTests-Info.plist */,
				37742FE819593A570074BC20 /* InfoPlist.strings */,
			);
			name = "Supporting Files";
			sourceTree = "<group>";
		};
/* End PBXGroup section */

/* Begin PBXNativeTarget section */
		37742FBC19593A570074BC20 /* Ex7_Cont_WorldCup2014News */ = {
			isa = PBXNativeTarget;
			buildConfigurationList = 37742FEF19593A570074BC20 /* Build configuration list for PBXNativeTarget "Ex7_Cont_WorldCup2014News" */;
			buildPhases = (
				37742FB919593A570074BC20 /* Sources */,
				37742FBA19593A570074BC20 /* Frameworks */,
				37742FBB19593A570074BC20 /* Resources */,
			);
			buildRules = (
			);
			dependencies = (
			);
			name = Ex7_Cont_WorldCup2014News;
			productName = Ex7_WorldCup2014News;
			productReference = 37742FBD19593A570074BC20 /* Ex7_Cont_WorldCup2014News.app */;
			productType = "com.apple.product-type.application";
		};
		37742FDD19593A570074BC20 /* Ex7_Cont_WorldCup2014NewsTests */ = {
			isa = PBXNativeTarget;
			buildConfigurationList = 37742FF219593A570074BC20 /* Build configuration list for PBXNativeTarget "Ex7_Cont_WorldCup2014NewsTests" */;
			buildPhases = (
				37742FDA19593A570074BC20 /* Sources */,
				37742FDB19593A570074BC20 /* Frameworks */,
				37742FDC19593A570074BC20 /* Resources */,
			);
			buildRules = (
			);
			dependencies = (
				37742FE419593A570074BC20 /* PBXTargetDependency */,
			);
			name = Ex7_Cont_WorldCup2014NewsTests;
			productName = Ex7_WorldCup2014NewsTests;
			productReference = 37742FDE19593A570074BC20 /* Ex7_Cont_WorldCup2014NewsTests.xctest */;
			productType = "com.apple.product-type.bundle.unit-test";
		};
/* End PBXNativeTarget section */

/* Begin PBXProject section */
		37742FB519593A570074BC20 /* Project object */ = {
			isa = PBXProject;
			attributes = {
				LastUpgradeCheck = 0510;
				ORGANIZATIONNAME = "Onzondev Innovation Co., Ltd.";
				TargetAttributes = {
					37742FDD19593A570074BC20 = {
						TestTargetID = 37742FBC19593A570074BC20;
					};
				};
			};
			buildConfigurationList = 37742FB819593A570074BC20 /* Build configuration list for PBXProject "Ex7_Cont_WorldCup2014News" */;
			compatibilityVersion = "Xcode 3.2";
			developmentRegion = English;
			hasScannedForEncodings = 0;
			knownRegions = (
				en,
				Base,
			);
			mainGroup = 37742FB419593A570074BC20;
			productRefGroup = 37742FBE19593A570074BC20 /* Products */;
			projectDirPath = "";
			projectRoot = "";
			targets = (
				37742FBC19593A570074BC20 /* Ex7_Cont_WorldCup2014News */,
				37742FDD19593A570074BC20 /* Ex7_Cont_WorldCup2014NewsTests */,
			);
		};
/* End PBXProject section */

/* Begin PBXResourcesBuildPhase section */
		37742FBB19593A570074BC20 /* Resources */ = {
			isa = PBXResourcesBuildPhase;
			buildActionMask = 2147483647;
			files = (
				37742FD919593A570074BC20 /* Images.xcassets in Resources */,
				37742FFF1959AA500074BC20 /* NewsCellViewTableViewCell.xib in Resources */,
				37742FCB19593A570074BC20 /* InfoPlist.strings in Resources */,
				37742FD419593A570074BC20 /* Main.storyboard in Resources */,
			);
			runOnlyForDeploymentPostprocessing = 0;
		};
		37742FDC19593A570074BC20 /* Resources */ = {
			isa = PBXResourcesBuildPhase;
			buildActionMask = 2147483647;
			files = (
				37742FEA19593A570074BC20 /* InfoPlist.strings in Resources */,
			);
			runOnlyForDeploymentPostprocessing = 0;
		};
/* End PBXResourcesBuildPhase section */

/* Begin PBXSourcesBuildPhase section */
		37742FB919593A570074BC20 /* Sources */ = {
			isa = PBXSourcesBuildPhase;
			buildActionMask = 2147483647;
			files = (
				37742FD719593A570074BC20 /* ViewController.m in Sources */,
				37742FFA19598B760074BC20 /* FifaItem.m in Sources */,
				377430021959AF080074BC20 /* NewsWebViewController.m in Sources */,
				37742FD119593A570074BC20 /* AppDelegate.m in Sources */,
				37742FF719598B5E0074BC20 /* FifaSimpleRss.m in Sources */,
				37742FCD19593A570074BC20 /* main.m in Sources */,
			);
			runOnlyForDeploymentPostprocessing = 0;
		};
		37742FDA19593A570074BC20 /* Sources */ = {
			isa = PBXSourcesBuildPhase;
			buildActionMask = 2147483647;
			files = (
				37742FEC19593A570074BC20 /* Ex7_WorldCup2014NewsTests.m in Sources */,
			);
			runOnlyForDeploymentPostprocessing = 0;
		};
/* End PBXSourcesBuildPhase section */

/* Begin PBXTargetDependency section */
		37742FE419593A570074BC20 /* PBXTargetDependency */ = {
			isa = PBXTargetDependency;
			target = 37742FBC19593A570074BC20 /* Ex7_Cont_WorldCup2014News */;
			targetProxy = 37742FE319593A570074BC20 /* PBXContainerItemProxy */;
		};
/* End PBXTargetDependency section */

/* Begin PBXVariantGroup section */
		37742FC919593A570074BC20 /* InfoPlist.strings */ = {
			isa = PBXVariantGroup;
			children = (
				37742FCA19593A570074BC20 /* en */,
			);
			name = InfoPlist.strings;
			sourceTree = "<group>";
		};
		37742FD219593A570074BC20 /* Main.storyboard */ = {
			isa = PBXVariantGroup;
			children = (
				37742FD319593A570074BC20 /* Base */,
			);
			name = Main.storyboard;
			sourceTree = "<group>";
		};
		37742FE819593A570074BC20 /* InfoPlist.strings */ = {
			isa = PBXVariantGroup;
			children = (
				37742FE919593A570074BC20 /* en */,
			);
			name = InfoPlist.strings;
			sourceTree = "<group>";
		};
/* End PBXVariantGroup section */

/* Begin XCBuildConfiguration section */
		37742FED19593A570074BC20 /* Debug */ = {
			isa = XCBuildConfiguration;
			buildSettings = {
				ALWAYS_SEARCH_USER_PATHS = NO;
				CLANG_CXX_LANGUAGE_STANDARD = "gnu++0x";
				CLANG_CXX_LIBRARY = "libc++";
				CLANG_ENABLE_MODULES = YES;
				CLANG_ENABLE_OBJC_ARC = YES;
				CLANG_WARN_BOOL_CONVERSION = YES;
				CLANG_WARN_CONSTANT_CONVERSION = YES;
				CLANG_WARN_DIRECT_OBJC_ISA_USAGE = YES_ERROR;
				CLANG_WARN_EMPTY_BODY = YES;
				CLANG_WARN_ENUM_CONVERSION = YES;
				CLANG_WARN_INT_CONVERSION = YES;
				CLANG_WARN_OBJC_ROOT_CLASS = YES_ERROR;
				CLANG_WARN__DUPLICATE_METHOD_MATCH = YES;
				"CODE_SIGN_IDENTITY[sdk=iphoneos*]" = "iPhone Developer";
				COPY_PHASE_STRIP = NO;
				GCC_C_LANGUAGE_STANDARD = gnu99;
				GCC_DYNAMIC_NO_PIC = NO;
				GCC_OPTIMIZATION_LEVEL = 0;
				GCC_PREPROCESSOR_DEFINITIONS = (
					"DEBUG=1",
					"$(inherited)",
				);
				GCC_SYMBOLS_PRIVATE_EXTERN = NO;
				GCC_WARN_64_TO_32_BIT_CONVERSION = YES;
				GCC_WARN_ABOUT_RETURN_TYPE = YES_ERROR;
				GCC_WARN_UNDECLARED_SELECTOR = YES;
				GCC_WARN_UNINITIALIZED_AUTOS = YES_AGGRESSIVE;
				GCC_WARN_UNUSED_FUNCTION = YES;
				GCC_WARN_UNUSED_VARIABLE = YES;
				IPHONEOS_DEPLOYMENT_TARGET = 7.1;
				ONLY_ACTIVE_ARCH = YES;
				SDKROOT = iphoneos;
			};
			name = Debug;
		};
		37742FEE19593A570074BC20 /* Release */ = {
			isa = XCBuildConfiguration;
			buildSettings = {
				ALWAYS_SEARCH_USER_PATHS = NO;
				CLANG_CXX_LANGUAGE_STANDARD = "gnu++0x";
				CLANG_CXX_LIBRARY = "libc++";
				CLANG_ENABLE_MODULES = YES;
				CLANG_ENABLE_OBJC_ARC = YES;
				CLANG_WARN_BOOL_CONVERSION = YES;
				CLANG_WARN_CONSTANT_CONVERSION = YES;
				CLANG_WARN_DIRECT_OBJC_ISA_USAGE = YES_ERROR;
				CLANG_WARN_EMPTY_BODY = YES;
				CLANG_WARN_ENUM_CONVERSION = YES;
				CLANG_WARN_INT_CONVERSION = YES;
				CLANG_WARN_OBJC_ROOT_CLASS = YES_ERROR;
				CLANG_WARN__DUPLICATE_METHOD_MATCH = YES;
				"CODE_SIGN_IDENTITY[sdk=iphoneos*]" = "iPhone Developer";
				COPY_PHASE_STRIP = YES;
				ENABLE_NS_ASSERTIONS = NO;
				GCC_C_LANGUAGE_STANDARD = gnu99;
				GCC_WARN_64_TO_32_BIT_CONVERSION = YES;
				GCC_WARN_ABOUT_RETURN_TYPE = YES_ERROR;
				GCC_WARN_UNDECLARED_SELECTOR = YES;
				GCC_WARN_UNINITIALIZED_AUTOS = YES_AGGRESSIVE;
				GCC_WARN_UNUSED_FUNCTION = YES;
				GCC_WARN_UNUSED_VARIABLE = YES;
				IPHONEOS_DEPLOYMENT_TARGET = 7.1;
				SDKROOT = iphoneos;
				VALIDATE_PRODUCT = YES;
			};
			name = Release;
		};
		37742FF019593A570074BC20 /* Debug */ = {
			isa = XCBuildConfiguration;
			buildSettings = {
				ASSETCATALOG_COMPILER_APPICON_NAME = AppIcon;
				ASSETCATALOG_COMPILER_LAUNCHIMAGE_NAME = LaunchImage;
				GCC_PRECOMPILE_PREFIX_HEADER = YES;
				GCC_PREFIX_HEADER = "Ex7_WorldCup2014News/Ex7_Cont_WorldCup2014News-Prefix.pch";
				INFOPLIST_FILE = "Ex7_WorldCup2014News/Ex7_Cont_WorldCup2014News-Info.plist";
				PRODUCT_NAME = Ex7_Cont_WorldCup2014News;
				WRAPPER_EXTENSION = app;
			};
			name = Debug;
		};
		37742FF119593A570074BC20 /* Release */ = {
			isa = XCBuildConfiguration;
			buildSettings = {
				ASSETCATALOG_COMPILER_APPICON_NAME = AppIcon;
				ASSETCATALOG_COMPILER_LAUNCHIMAGE_NAME = LaunchImage;
				GCC_PRECOMPILE_PREFIX_HEADER = YES;
				GCC_PREFIX_HEADER = "Ex7_WorldCup2014News/Ex7_Cont_WorldCup2014News-Prefix.pch";
				INFOPLIST_FILE = "Ex7_WorldCup2014News/Ex7_Cont_WorldCup2014News-Info.plist";
				PRODUCT_NAME = Ex7_Cont_WorldCup2014News;
				WRAPPER_EXTENSION = app;
			};
			name = Release;
		};
		37742FF319593A570074BC20 /* Debug */ = {
			isa = XCBuildConfiguration;
			buildSettings = {
				BUNDLE_LOADER = "$(BUILT_PRODUCTS_DIR)/Ex7_WorldCup2014News.app/Ex7_WorldCup2014News";
				FRAMEWORK_SEARCH_PATHS = (
					"$(SDKROOT)/Developer/Library/Frameworks",
					"$(inherited)",
					"$(DEVELOPER_FRAMEWORKS_DIR)",
				);
				GCC_PRECOMPILE_PREFIX_HEADER = YES;
				GCC_PREFIX_HEADER = "Ex7_WorldCup2014News/Ex7_WorldCup2014News-Prefix.pch";
				GCC_PREPROCESSOR_DEFINITIONS = (
					"DEBUG=1",
					"$(inherited)",
				);
				INFOPLIST_FILE = "Ex7_WorldCup2014NewsTests/Ex7_Cont_WorldCup2014NewsTests-Info.plist";
				PRODUCT_NAME = Ex7_Cont_WorldCup2014NewsTests;
				TEST_HOST = "$(BUNDLE_LOADER)";
				WRAPPER_EXTENSION = xctest;
			};
			name = Debug;
		};
		37742FF419593A570074BC20 /* Release */ = {
			isa = XCBuildConfiguration;
			buildSettings = {
				BUNDLE_LOADER = "$(BUILT_PRODUCTS_DIR)/Ex7_WorldCup2014News.app/Ex7_WorldCup2014News";
				FRAMEWORK_SEARCH_PATHS = (
					"$(SDKROOT)/Developer/Library/Frameworks",
					"$(inherited)",
					"$(DEVELOPER_FRAMEWORKS_DIR)",
				);
				GCC_PRECOMPILE_PREFIX_HEADER = YES;
				GCC_PREFIX_HEADER = "Ex7_WorldCup2014News/Ex7_WorldCup2014News-Prefix.pch";
				INFOPLIST_FILE = "Ex7_WorldCup2014NewsTests/Ex7_Cont_WorldCup2014NewsTests-Info.plist";
				PRODUCT_NAME = Ex7_Cont_WorldCup2014NewsTests;
				TEST_HOST = "$(BUNDLE_LOADER)";
				WRAPPER_EXTENSION = xctest;
			};
			name = Release;
		};
/* End XCBuildConfiguration section */

/* Begin XCConfigurationList section */
		37742FB819593A570074BC20 /* Build configuration list for PBXProject "Ex7_Cont_WorldCup2014News" */ = {
			isa = XCConfigurationList;
			buildConfigurations = (
				37742FED19593A570074BC20 /* Debug */,
				37742FEE19593A570074BC20 /* Release */,
			);
			defaultConfigurationIsVisible = 0;
			defaultConfigurationName = Release;
		};
		37742FEF19593A570074BC20 /* Build configuration list for PBXNativeTarget "Ex7_Cont_WorldCup2014News" */ = {
			isa = XCConfigurationList;
			buildConfigurations = (
				37742FF019593A570074BC20 /* Debug */,
				37742FF119593A570074BC20 /* Release */,
			);
			defaultConfigurationIsVisible = 0;
			defaultConfigurationName = Release;
		};
		37742FF219593A570074BC20 /* Build configuration list for PBXNativeTarget "Ex7_Cont_WorldCup2014NewsTests" */ = {
			isa = XCConfigurationList;
			buildConfigurations = (
				37742FF319593A570074BC20 /* Debug */,
				37742FF419593A570074BC20 /* Release */,
			);
			defaultConfigurationIsVisible = 0;
			defaultConfigurationName = Release;
		};
/* End XCConfigurationList section */
	};
	rootObject = 37742FB519593A570074BC20 /* Project object */;
}
