// !$*UTF8*$!
{
	archiveVersion = 1;
	classes = {
	};
	objectVersion = 46;
	objects = {

/* Begin PBXBuildFile section */
		3713F2D319571BF1009CE7F0 /* Foundation.framework in Frameworks */ = {isa = PBXBuildFile; fileRef = 3713F2D219571BF1009CE7F0 /* Foundation.framework */; };
		3713F2D519571BF1009CE7F0 /* CoreGraphics.framework in Frameworks */ = {isa = PBXBuildFile; fileRef = 3713F2D419571BF1009CE7F0 /* CoreGraphics.framework */; };
		3713F2D719571BF1009CE7F0 /* UIKit.framework in Frameworks */ = {isa = PBXBuildFile; fileRef = 3713F2D619571BF1009CE7F0 /* UIKit.framework */; };
		3713F2DD19571BF1009CE7F0 /* InfoPlist.strings in Resources */ = {isa = PBXBuildFile; fileRef = 3713F2DB19571BF1009CE7F0 /* InfoPlist.strings */; };
		3713F2DF19571BF1009CE7F0 /* main.m in Sources */ = {isa = PBXBuildFile; fileRef = 3713F2DE19571BF1009CE7F0 /* main.m */; };
		3713F2E319571BF1009CE7F0 /* AppDelegate.m in Sources */ = {isa = PBXBuildFile; fileRef = 3713F2E219571BF1009CE7F0 /* AppDelegate.m */; };
		3713F2E619571BF1009CE7F0 /* Main.storyboard in Resources */ = {isa = PBXBuildFile; fileRef = 3713F2E419571BF1009CE7F0 /* Main.storyboard */; };
		3713F2E919571BF1009CE7F0 /* ViewController.m in Sources */ = {isa = PBXBuildFile; fileRef = 3713F2E819571BF1009CE7F0 /* ViewController.m */; };
		3713F2EB19571BF1009CE7F0 /* Images.xcassets in Resources */ = {isa = PBXBuildFile; fileRef = 3713F2EA19571BF1009CE7F0 /* Images.xcassets */; };
		3713F2F219571BF1009CE7F0 /* XCTest.framework in Frameworks */ = {isa = PBXBuildFile; fileRef = 3713F2F119571BF1009CE7F0 /* XCTest.framework */; };
		3713F2F319571BF1009CE7F0 /* Foundation.framework in Frameworks */ = {isa = PBXBuildFile; fileRef = 3713F2D219571BF1009CE7F0 /* Foundation.framework */; };
		3713F2F419571BF1009CE7F0 /* UIKit.framework in Frameworks */ = {isa = PBXBuildFile; fileRef = 3713F2D619571BF1009CE7F0 /* UIKit.framework */; };
		3713F2FC19571BF1009CE7F0 /* InfoPlist.strings in Resources */ = {isa = PBXBuildFile; fileRef = 3713F2FA19571BF1009CE7F0 /* InfoPlist.strings */; };
		3713F2FE19571BF1009CE7F0 /* Ex1_HelloMyAppTests.m in Sources */ = {isa = PBXBuildFile; fileRef = 3713F2FD19571BF1009CE7F0 /* Ex1_HelloMyAppTests.m */; };
/* End PBXBuildFile section */

/* Begin PBXContainerItemProxy section */
		3713F2F519571BF1009CE7F0 /* PBXContainerItemProxy */ = {
			isa = PBXContainerItemProxy;
			containerPortal = 3713F2C719571BF0009CE7F0 /* Project object */;
			proxyType = 1;
			remoteGlobalIDString = 3713F2CE19571BF0009CE7F0;
			remoteInfo = Ex1_HelloMyApp;
		};
/* End PBXContainerItemProxy section */

/* Begin PBXFileReference section */
		3713F2CF19571BF1009CE7F0 /* Ex1_HelloMyApp.app */ = {isa = PBXFileReference; explicitFileType = wrapper.application; includeInIndex = 0; path = Ex1_HelloMyApp.app; sourceTree = BUILT_PRODUCTS_DIR; };
		3713F2D219571BF1009CE7F0 /* Foundation.framework */ = {isa = PBXFileReference; lastKnownFileType = wrapper.framework; name = Foundation.framework; path = System/Library/Frameworks/Foundation.framework; sourceTree = SDKROOT; };
		3713F2D419571BF1009CE7F0 /* CoreGraphics.framework */ = {isa = PBXFileReference; lastKnownFileType = wrapper.framework; name = CoreGraphics.framework; path = System/Library/Frameworks/CoreGraphics.framework; sourceTree = SDKROOT; };
		3713F2D619571BF1009CE7F0 /* UIKit.framework */ = {isa = PBXFileReference; lastKnownFileType = wrapper.framework; name = UIKit.framework; path = System/Library/Frameworks/UIKit.framework; sourceTree = SDKROOT; };
		3713F2DA19571BF1009CE7F0 /* Ex1_HelloMyApp-Info.plist */ = {isa = PBXFileReference; lastKnownFileType = text.plist.xml; path = "Ex1_HelloMyApp-Info.plist"; sourceTree = "<group>"; };
		3713F2DC19571BF1009CE7F0 /* en */ = {isa = PBXFileReference; lastKnownFileType = text.plist.strings; name = en; path = en.lproj/InfoPlist.strings; sourceTree = "<group>"; };
		3713F2DE19571BF1009CE7F0 /* main.m */ = {isa = PBXFileReference; lastKnownFileType = sourcecode.c.objc; path = main.m; sourceTree = "<group>"; };
		3713F2E019571BF1009CE7F0 /* Ex1_HelloMyApp-Prefix.pch */ = {isa = PBXFileReference; lastKnownFileType = sourcecode.c.h; path = "Ex1_HelloMyApp-Prefix.pch"; sourceTree = "<group>"; };
		3713F2E119571BF1009CE7F0 /* AppDelegate.h */ = {isa = PBXFileReference; lastKnownFileType = sourcecode.c.h; path = AppDelegate.h; sourceTree = "<group>"; };
		3713F2E219571BF1009CE7F0 /* AppDelegate.m */ = {isa = PBXFileReference; lastKnownFileType = sourcecode.c.objc; path = AppDelegate.m; sourceTree = "<group>"; };
		3713F2E519571BF1009CE7F0 /* Base */ = {isa = PBXFileReference; lastKnownFileType = file.storyboard; name = Base; path = Base.lproj/Main.storyboard; sourceTree = "<group>"; };
		3713F2E719571BF1009CE7F0 /* ViewController.h */ = {isa = PBXFileReference; lastKnownFileType = sourcecode.c.h; path = ViewController.h; sourceTree = "<group>"; };
		3713F2E819571BF1009CE7F0 /* ViewController.m */ = {isa = PBXFileReference; lastKnownFileType = sourcecode.c.objc; path = ViewController.m; sourceTree = "<group>"; };
		3713F2EA19571BF1009CE7F0 /* Images.xcassets */ = {isa = PBXFileReference; lastKnownFileType = folder.assetcatalog; path = Images.xcassets; sourceTree = "<group>"; };
		3713F2F019571BF1009CE7F0 /* Ex1_HelloMyAppTests.xctest */ = {isa = PBXFileReference; explicitFileType = wrapper.cfbundle; includeInIndex = 0; path = Ex1_HelloMyAppTests.xctest; sourceTree = BUILT_PRODUCTS_DIR; };
		3713F2F119571BF1009CE7F0 /* XCTest.framework */ = {isa = PBXFileReference; lastKnownFileType = wrapper.framework; name = XCTest.framework; path = Library/Frameworks/XCTest.framework; sourceTree = DEVELOPER_DIR; };
		3713F2F919571BF1009CE7F0 /* Ex1_HelloMyAppTests-Info.plist */ = {isa = PBXFileReference; lastKnownFileType = text.plist.xml; path = "Ex1_HelloMyAppTests-Info.plist"; sourceTree = "<group>"; };
		3713F2FB19571BF1009CE7F0 /* en */ = {isa = PBXFileReference; lastKnownFileType = text.plist.strings; name = en; path = en.lproj/InfoPlist.strings; sourceTree = "<group>"; };
		3713F2FD19571BF1009CE7F0 /* Ex1_HelloMyAppTests.m */ = {isa = PBXFileReference; lastKnownFileType = sourcecode.c.objc; path = Ex1_HelloMyAppTests.m; sourceTree = "<group>"; };
/* End PBXFileReference section */

/* Begin PBXFrameworksBuildPhase section */
		3713F2CC19571BF0009CE7F0 /* Frameworks */ = {
			isa = PBXFrameworksBuildPhase;
			buildActionMask = 2147483647;
			files = (
				3713F2D519571BF1009CE7F0 /* CoreGraphics.framework in Frameworks */,
				3713F2D719571BF1009CE7F0 /* UIKit.framework in Frameworks */,
				3713F2D319571BF1009CE7F0 /* Foundation.framework in Frameworks */,
			);
			runOnlyForDeploymentPostprocessing = 0;
		};
		3713F2ED19571BF1009CE7F0 /* Frameworks */ = {
			isa = PBXFrameworksBuildPhase;
			buildActionMask = 2147483647;
			files = (
				3713F2F219571BF1009CE7F0 /* XCTest.framework in Frameworks */,
				3713F2F419571BF1009CE7F0 /* UIKit.framework in Frameworks */,
				3713F2F319571BF1009CE7F0 /* Foundation.framework in Frameworks */,
			);
			runOnlyForDeploymentPostprocessing = 0;
		};
/* End PBXFrameworksBuildPhase section */

/* Begin PBXGroup section */
		3713F2C619571BF0009CE7F0 = {
			isa = PBXGroup;
			children = (
				3713F2D819571BF1009CE7F0 /* Ex1_HelloMyApp */,
				3713F2F719571BF1009CE7F0 /* Ex1_HelloMyAppTests */,
				3713F2D119571BF1009CE7F0 /* Frameworks */,
				3713F2D019571BF1009CE7F0 /* Products */,
			);
			sourceTree = "<group>";
		};
		3713F2D019571BF1009CE7F0 /* Products */ = {
			isa = PBXGroup;
			children = (
				3713F2CF19571BF1009CE7F0 /* Ex1_HelloMyApp.app */,
				3713F2F019571BF1009CE7F0 /* Ex1_HelloMyAppTests.xctest */,
			);
			name = Products;
			sourceTree = "<group>";
		};
		3713F2D119571BF1009CE7F0 /* Frameworks */ = {
			isa = PBXGroup;
			children = (
				3713F2D219571BF1009CE7F0 /* Foundation.framework */,
				3713F2D419571BF1009CE7F0 /* CoreGraphics.framework */,
				3713F2D619571BF1009CE7F0 /* UIKit.framework */,
				3713F2F119571BF1009CE7F0 /* XCTest.framework */,
			);
			name = Frameworks;
			sourceTree = "<group>";
		};
		3713F2D819571BF1009CE7F0 /* Ex1_HelloMyApp */ = {
			isa = PBXGroup;
			children = (
				3713F2E119571BF1009CE7F0 /* AppDelegate.h */,
				3713F2E219571BF1009CE7F0 /* AppDelegate.m */,
				3713F2E419571BF1009CE7F0 /* Main.storyboard */,
				3713F2E719571BF1009CE7F0 /* ViewController.h */,
				3713F2E819571BF1009CE7F0 /* ViewController.m */,
				3713F2EA19571BF1009CE7F0 /* Images.xcassets */,
				3713F2D919571BF1009CE7F0 /* Supporting Files */,
			);
			path = Ex1_HelloMyApp;
			sourceTree = "<group>";
		};
		3713F2D919571BF1009CE7F0 /* Supporting Files */ = {
			isa = PBXGroup;
			children = (
				3713F2DA19571BF1009CE7F0 /* Ex1_HelloMyApp-Info.plist */,
				3713F2DB19571BF1009CE7F0 /* InfoPlist.strings */,
				3713F2DE19571BF1009CE7F0 /* main.m */,
				3713F2E019571BF1009CE7F0 /* Ex1_HelloMyApp-Prefix.pch */,
			);
			name = "Supporting Files";
			sourceTree = "<group>";
		};
		3713F2F719571BF1009CE7F0 /* Ex1_HelloMyAppTests */ = {
			isa = PBXGroup;
			children = (
				3713F2FD19571BF1009CE7F0 /* Ex1_HelloMyAppTests.m */,
				3713F2F819571BF1009CE7F0 /* Supporting Files */,
			);
			path = Ex1_HelloMyAppTests;
			sourceTree = "<group>";
		};
		3713F2F819571BF1009CE7F0 /* Supporting Files */ = {
			isa = PBXGroup;
			children = (
				3713F2F919571BF1009CE7F0 /* Ex1_HelloMyAppTests-Info.plist */,
				3713F2FA19571BF1009CE7F0 /* InfoPlist.strings */,
			);
			name = "Supporting Files";
			sourceTree = "<group>";
		};
/* End PBXGroup section */

/* Begin PBXNativeTarget section */
		3713F2CE19571BF0009CE7F0 /* Ex1_HelloMyApp */ = {
			isa = PBXNativeTarget;
			buildConfigurationList = 3713F30119571BF1009CE7F0 /* Build configuration list for PBXNativeTarget "Ex1_HelloMyApp" */;
			buildPhases = (
				3713F2CB19571BF0009CE7F0 /* Sources */,
				3713F2CC19571BF0009CE7F0 /* Frameworks */,
				3713F2CD19571BF0009CE7F0 /* Resources */,
			);
			buildRules = (
			);
			dependencies = (
			);
			name = Ex1_HelloMyApp;
			productName = Ex1_HelloMyApp;
			productReference = 3713F2CF19571BF1009CE7F0 /* Ex1_HelloMyApp.app */;
			productType = "com.apple.product-type.application";
		};
		3713F2EF19571BF1009CE7F0 /* Ex1_HelloMyAppTests */ = {
			isa = PBXNativeTarget;
			buildConfigurationList = 3713F30419571BF1009CE7F0 /* Build configuration list for PBXNativeTarget "Ex1_HelloMyAppTests" */;
			buildPhases = (
				3713F2EC19571BF1009CE7F0 /* Sources */,
				3713F2ED19571BF1009CE7F0 /* Frameworks */,
				3713F2EE19571BF1009CE7F0 /* Resources */,
			);
			buildRules = (
			);
			dependencies = (
				3713F2F619571BF1009CE7F0 /* PBXTargetDependency */,
			);
			name = Ex1_HelloMyAppTests;
			productName = Ex1_HelloMyAppTests;
			productReference = 3713F2F019571BF1009CE7F0 /* Ex1_HelloMyAppTests.xctest */;
			productType = "com.apple.product-type.bundle.unit-test";
		};
/* End PBXNativeTarget section */

/* Begin PBXProject section */
		3713F2C719571BF0009CE7F0 /* Project object */ = {
			isa = PBXProject;
			attributes = {
				LastUpgradeCheck = 0510;
				ORGANIZATIONNAME = "Onzondev Innovation Co., Ltd.";
				TargetAttributes = {
					3713F2EF19571BF1009CE7F0 = {
						TestTargetID = 3713F2CE19571BF0009CE7F0;
					};
				};
			};
			buildConfigurationList = 3713F2CA19571BF0009CE7F0 /* Build configuration list for PBXProject "Ex1_HelloMyApp" */;
			compatibilityVersion = "Xcode 3.2";
			developmentRegion = English;
			hasScannedForEncodings = 0;
			knownRegions = (
				en,
				Base,
			);
			mainGroup = 3713F2C619571BF0009CE7F0;
			productRefGroup = 3713F2D019571BF1009CE7F0 /* Products */;
			projectDirPath = "";
			projectRoot = "";
			targets = (
				3713F2CE19571BF0009CE7F0 /* Ex1_HelloMyApp */,
				3713F2EF19571BF1009CE7F0 /* Ex1_HelloMyAppTests */,
			);
		};
/* End PBXProject section */

/* Begin PBXResourcesBuildPhase section */
		3713F2CD19571BF0009CE7F0 /* Resources */ = {
			isa = PBXResourcesBuildPhase;
			buildActionMask = 2147483647;
			files = (
				3713F2EB19571BF1009CE7F0 /* Images.xcassets in Resources */,
				3713F2DD19571BF1009CE7F0 /* InfoPlist.strings in Resources */,
				3713F2E619571BF1009CE7F0 /* Main.storyboard in Resources */,
			);
			runOnlyForDeploymentPostprocessing = 0;
		};
		3713F2EE19571BF1009CE7F0 /* Resources */ = {
			isa = PBXResourcesBuildPhase;
			buildActionMask = 2147483647;
			files = (
				3713F2FC19571BF1009CE7F0 /* InfoPlist.strings in Resources */,
			);
			runOnlyForDeploymentPostprocessing = 0;
		};
/* End PBXResourcesBuildPhase section */

/* Begin PBXSourcesBuildPhase section */
		3713F2CB19571BF0009CE7F0 /* Sources */ = {
			isa = PBXSourcesBuildPhase;
			buildActionMask = 2147483647;
			files = (
				3713F2E919571BF1009CE7F0 /* ViewController.m in Sources */,
				3713F2E319571BF1009CE7F0 /* AppDelegate.m in Sources */,
				3713F2DF19571BF1009CE7F0 /* main.m in Sources */,
			);
			runOnlyForDeploymentPostprocessing = 0;
		};
		3713F2EC19571BF1009CE7F0 /* Sources */ = {
			isa = PBXSourcesBuildPhase;
			buildActionMask = 2147483647;
			files = (
				3713F2FE19571BF1009CE7F0 /* Ex1_HelloMyAppTests.m in Sources */,
			);
			runOnlyForDeploymentPostprocessing = 0;
		};
/* End PBXSourcesBuildPhase section */

/* Begin PBXTargetDependency section */
		3713F2F619571BF1009CE7F0 /* PBXTargetDependency */ = {
			isa = PBXTargetDependency;
			target = 3713F2CE19571BF0009CE7F0 /* Ex1_HelloMyApp */;
			targetProxy = 3713F2F519571BF1009CE7F0 /* PBXContainerItemProxy */;
		};
/* End PBXTargetDependency section */

/* Begin PBXVariantGroup section */
		3713F2DB19571BF1009CE7F0 /* InfoPlist.strings */ = {
			isa = PBXVariantGroup;
			children = (
				3713F2DC19571BF1009CE7F0 /* en */,
			);
			name = InfoPlist.strings;
			sourceTree = "<group>";
		};
		3713F2E419571BF1009CE7F0 /* Main.storyboard */ = {
			isa = PBXVariantGroup;
			children = (
				3713F2E519571BF1009CE7F0 /* Base */,
			);
			name = Main.storyboard;
			sourceTree = "<group>";
		};
		3713F2FA19571BF1009CE7F0 /* InfoPlist.strings */ = {
			isa = PBXVariantGroup;
			children = (
				3713F2FB19571BF1009CE7F0 /* en */,
			);
			name = InfoPlist.strings;
			sourceTree = "<group>";
		};
/* End PBXVariantGroup section */

/* Begin XCBuildConfiguration section */
		3713F2FF19571BF1009CE7F0 /* Debug */ = {
			isa = XCBuildConfiguration;
			buildSettings = {
				ALWAYS_SEARCH_USER_PATHS = NO;
				CLANG_CXX_LANGUAGE_STANDARD = "gnu++0x";
				CLANG_CXX_LIBRARY = "libc++";
				CLANG_ENABLE_MODULES = YES;
				CLANG_ENABLE_OBJC_ARC = YES;
				CLANG_WARN_BOOL_CONVERSION = YES;
				CLANG_WARN_CONSTANT_CONVERSION = YES;
				CLANG_WARN_DIRECT_OBJC_ISA_USAGE = YES_ERROR;
				CLANG_WARN_EMPTY_BODY = YES;
				CLANG_WARN_ENUM_CONVERSION = YES;
				CLANG_WARN_INT_CONVERSION = YES;
				CLANG_WARN_OBJC_ROOT_CLASS = YES_ERROR;
				CLANG_WARN__DUPLICATE_METHOD_MATCH = YES;
				"CODE_SIGN_IDENTITY[sdk=iphoneos*]" = "iPhone Developer";
				COPY_PHASE_STRIP = NO;
				GCC_C_LANGUAGE_STANDARD = gnu99;
				GCC_DYNAMIC_NO_PIC = NO;
				GCC_OPTIMIZATION_LEVEL = 0;
				GCC_PREPROCESSOR_DEFINITIONS = (
					"DEBUG=1",
					"$(inherited)",
				);
				GCC_SYMBOLS_PRIVATE_EXTERN = NO;
				GCC_WARN_64_TO_32_BIT_CONVERSION = YES;
				GCC_WARN_ABOUT_RETURN_TYPE = YES_ERROR;
				GCC_WARN_UNDECLARED_SELECTOR = YES;
				GCC_WARN_UNINITIALIZED_AUTOS = YES_AGGRESSIVE;
				GCC_WARN_UNUSED_FUNCTION = YES;
				GCC_WARN_UNUSED_VARIABLE = YES;
				IPHONEOS_DEPLOYMENT_TARGET = 7.1;
				ONLY_ACTIVE_ARCH = YES;
				SDKROOT = iphoneos;
			};
			name = Debug;
		};
		3713F30019571BF1009CE7F0 /* Release */ = {
			isa = XCBuildConfiguration;
			buildSettings = {
				ALWAYS_SEARCH_USER_PATHS = NO;
				CLANG_CXX_LANGUAGE_STANDARD = "gnu++0x";
				CLANG_CXX_LIBRARY = "libc++";
				CLANG_ENABLE_MODULES = YES;
				CLANG_ENABLE_OBJC_ARC = YES;
				CLANG_WARN_BOOL_CONVERSION = YES;
				CLANG_WARN_CONSTANT_CONVERSION = YES;
				CLANG_WARN_DIRECT_OBJC_ISA_USAGE = YES_ERROR;
				CLANG_WARN_EMPTY_BODY = YES;
				CLANG_WARN_ENUM_CONVERSION = YES;
				CLANG_WARN_INT_CONVERSION = YES;
				CLANG_WARN_OBJC_ROOT_CLASS = YES_ERROR;
				CLANG_WARN__DUPLICATE_METHOD_MATCH = YES;
				"CODE_SIGN_IDENTITY[sdk=iphoneos*]" = "iPhone Developer";
				COPY_PHASE_STRIP = YES;
				ENABLE_NS_ASSERTIONS = NO;
				GCC_C_LANGUAGE_STANDARD = gnu99;
				GCC_WARN_64_TO_32_BIT_CONVERSION = YES;
				GCC_WARN_ABOUT_RETURN_TYPE = YES_ERROR;
				GCC_WARN_UNDECLARED_SELECTOR = YES;
				GCC_WARN_UNINITIALIZED_AUTOS = YES_AGGRESSIVE;
				GCC_WARN_UNUSED_FUNCTION = YES;
				GCC_WARN_UNUSED_VARIABLE = YES;
				IPHONEOS_DEPLOYMENT_TARGET = 7.1;
				SDKROOT = iphoneos;
				VALIDATE_PRODUCT = YES;
			};
			name = Release;
		};
		3713F30219571BF1009CE7F0 /* Debug */ = {
			isa = XCBuildConfiguration;
			buildSettings = {
				ASSETCATALOG_COMPILER_APPICON_NAME = AppIcon;
				ASSETCATALOG_COMPILER_LAUNCHIMAGE_NAME = LaunchImage;
				GCC_PRECOMPILE_PREFIX_HEADER = YES;
				GCC_PREFIX_HEADER = "Ex1_HelloMyApp/Ex1_HelloMyApp-Prefix.pch";
				INFOPLIST_FILE = "Ex1_HelloMyApp/Ex1_HelloMyApp-Info.plist";
				PRODUCT_NAME = "$(TARGET_NAME)";
				WRAPPER_EXTENSION = app;
			};
			name = Debug;
		};
		3713F30319571BF1009CE7F0 /* Release */ = {
			isa = XCBuildConfiguration;
			buildSettings = {
				ASSETCATALOG_COMPILER_APPICON_NAME = AppIcon;
				ASSETCATALOG_COMPILER_LAUNCHIMAGE_NAME = LaunchImage;
				GCC_PRECOMPILE_PREFIX_HEADER = YES;
				GCC_PREFIX_HEADER = "Ex1_HelloMyApp/Ex1_HelloMyApp-Prefix.pch";
				INFOPLIST_FILE = "Ex1_HelloMyApp/Ex1_HelloMyApp-Info.plist";
				PRODUCT_NAME = "$(TARGET_NAME)";
				WRAPPER_EXTENSION = app;
			};
			name = Release;
		};
		3713F30519571BF1009CE7F0 /* Debug */ = {
			isa = XCBuildConfiguration;
			buildSettings = {
				BUNDLE_LOADER = "$(BUILT_PRODUCTS_DIR)/Ex1_HelloMyApp.app/Ex1_HelloMyApp";
				FRAMEWORK_SEARCH_PATHS = (
					"$(SDKROOT)/Developer/Library/Frameworks",
					"$(inherited)",
					"$(DEVELOPER_FRAMEWORKS_DIR)",
				);
				GCC_PRECOMPILE_PREFIX_HEADER = YES;
				GCC_PREFIX_HEADER = "Ex1_HelloMyApp/Ex1_HelloMyApp-Prefix.pch";
				GCC_PREPROCESSOR_DEFINITIONS = (
					"DEBUG=1",
					"$(inherited)",
				);
				INFOPLIST_FILE = "Ex1_HelloMyAppTests/Ex1_HelloMyAppTests-Info.plist";
				PRODUCT_NAME = "$(TARGET_NAME)";
				TEST_HOST = "$(BUNDLE_LOADER)";
				WRAPPER_EXTENSION = xctest;
			};
			name = Debug;
		};
		3713F30619571BF1009CE7F0 /* Release */ = {
			isa = XCBuildConfiguration;
			buildSettings = {
				BUNDLE_LOADER = "$(BUILT_PRODUCTS_DIR)/Ex1_HelloMyApp.app/Ex1_HelloMyApp";
				FRAMEWORK_SEARCH_PATHS = (
					"$(SDKROOT)/Developer/Library/Frameworks",
					"$(inherited)",
					"$(DEVELOPER_FRAMEWORKS_DIR)",
				);
				GCC_PRECOMPILE_PREFIX_HEADER = YES;
				GCC_PREFIX_HEADER = "Ex1_HelloMyApp/Ex1_HelloMyApp-Prefix.pch";
				INFOPLIST_FILE = "Ex1_HelloMyAppTests/Ex1_HelloMyAppTests-Info.plist";
				PRODUCT_NAME = "$(TARGET_NAME)";
				TEST_HOST = "$(BUNDLE_LOADER)";
				WRAPPER_EXTENSION = xctest;
			};
			name = Release;
		};
/* End XCBuildConfiguration section */

/* Begin XCConfigurationList section */
		3713F2CA19571BF0009CE7F0 /* Build configuration list for PBXProject "Ex1_HelloMyApp" */ = {
			isa = XCConfigurationList;
			buildConfigurations = (
				3713F2FF19571BF1009CE7F0 /* Debug */,
				3713F30019571BF1009CE7F0 /* Release */,
			);
			defaultConfigurationIsVisible = 0;
			defaultConfigurationName = Release;
		};
		3713F30119571BF1009CE7F0 /* Build configuration list for PBXNativeTarget "Ex1_HelloMyApp" */ = {
			isa = XCConfigurationList;
			buildConfigurations = (
				3713F30219571BF1009CE7F0 /* Debug */,
				3713F30319571BF1009CE7F0 /* Release */,
			);
			defaultConfigurationIsVisible = 0;
		};
		3713F30419571BF1009CE7F0 /* Build configuration list for PBXNativeTarget "Ex1_HelloMyAppTests" */ = {
			isa = XCConfigurationList;
			buildConfigurations = (
				3713F30519571BF1009CE7F0 /* Debug */,
				3713F30619571BF1009CE7F0 /* Release */,
			);
			defaultConfigurationIsVisible = 0;
		};
/* End XCConfigurationList section */
	};
	rootObject = 3713F2C719571BF0009CE7F0 /* Project object */;
}
